// !$*UTF8*$!
{
	archiveVersion = 1;
	classes = {
	};
	objectVersion = 56;
	objects = {

/* Begin PBXBuildFile section */
		D019274A2A26E74B00A302E3 /* ValidStreakView.swift in Sources */ = {isa = PBXBuildFile; fileRef = D01927492A26E74B00A302E3 /* ValidStreakView.swift */; };
		D019274C2A26E75800A302E3 /* BrokenStreakView.swift in Sources */ = {isa = PBXBuildFile; fileRef = D019274B2A26E75800A302E3 /* BrokenStreakView.swift */; };
		D06BE1B62A22DF2E00A4B0C9 /* Habits_V2App.swift in Sources */ = {isa = PBXBuildFile; fileRef = D06BE1B52A22DF2E00A4B0C9 /* Habits_V2App.swift */; };
		D06BE1BA2A22DF3000A4B0C9 /* Assets.xcassets in Resources */ = {isa = PBXBuildFile; fileRef = D06BE1B92A22DF3000A4B0C9 /* Assets.xcassets */; };
		D06BE1BE2A22DF3000A4B0C9 /* Preview Assets.xcassets in Resources */ = {isa = PBXBuildFile; fileRef = D06BE1BD2A22DF3000A4B0C9 /* Preview Assets.xcassets */; };
		D06BE1C72A22E07300A4B0C9 /* ListView.swift in Sources */ = {isa = PBXBuildFile; fileRef = D06BE1C62A22E07300A4B0C9 /* ListView.swift */; };
		D06BE1C92A22E60D00A4B0C9 /* ListRowView.swift in Sources */ = {isa = PBXBuildFile; fileRef = D06BE1C82A22E60D00A4B0C9 /* ListRowView.swift */; };
		D06BE1CC2A22E6D100A4B0C9 /* ItemModel.swift in Sources */ = {isa = PBXBuildFile; fileRef = D06BE1CB2A22E6D100A4B0C9 /* ItemModel.swift */; };
		D06BE1CE2A22E76000A4B0C9 /* SheetView.swift in Sources */ = {isa = PBXBuildFile; fileRef = D06BE1CD2A22E76000A4B0C9 /* SheetView.swift */; };
		D06BE1D22A22E96800A4B0C9 /* ListViewModel.swift in Sources */ = {isa = PBXBuildFile; fileRef = D06BE1D12A22E96800A4B0C9 /* ListViewModel.swift */; };
		D06BE1D42A23461200A4B0C9 /* NoItemsView.swift in Sources */ = {isa = PBXBuildFile; fileRef = D06BE1D32A23461200A4B0C9 /* NoItemsView.swift */; };
		D06BE1D62A23F7E700A4B0C9 /* SettingsView.swift in Sources */ = {isa = PBXBuildFile; fileRef = D06BE1D52A23F7E700A4B0C9 /* SettingsView.swift */; };
		D06BE1DA2A23F90000A4B0C9 /* FullView.swift in Sources */ = {isa = PBXBuildFile; fileRef = D06BE1D92A23F90000A4B0C9 /* FullView.swift */; };
/* End PBXBuildFile section */

/* Begin PBXFileReference section */
		D01927492A26E74B00A302E3 /* ValidStreakView.swift */ = {isa = PBXFileReference; lastKnownFileType = sourcecode.swift; path = ValidStreakView.swift; sourceTree = "<group>"; };
		D019274B2A26E75800A302E3 /* BrokenStreakView.swift */ = {isa = PBXFileReference; lastKnownFileType = sourcecode.swift; path = BrokenStreakView.swift; sourceTree = "<group>"; };
		D06BE1B22A22DF2E00A4B0C9 /* Habits V2.app */ = {isa = PBXFileReference; explicitFileType = wrapper.application; includeInIndex = 0; path = "Habits V2.app"; sourceTree = BUILT_PRODUCTS_DIR; };
		D06BE1B52A22DF2E00A4B0C9 /* Habits_V2App.swift */ = {isa = PBXFileReference; lastKnownFileType = sourcecode.swift; path = Habits_V2App.swift; sourceTree = "<group>"; };
		D06BE1B92A22DF3000A4B0C9 /* Assets.xcassets */ = {isa = PBXFileReference; lastKnownFileType = folder.assetcatalog; path = Assets.xcassets; sourceTree = "<group>"; };
		D06BE1BB2A22DF3000A4B0C9 /* Habits_V2.entitlements */ = {isa = PBXFileReference; lastKnownFileType = text.plist.entitlements; path = Habits_V2.entitlements; sourceTree = "<group>"; };
		D06BE1BD2A22DF3000A4B0C9 /* Preview Assets.xcassets */ = {isa = PBXFileReference; lastKnownFileType = folder.assetcatalog; path = "Preview Assets.xcassets"; sourceTree = "<group>"; };
		D06BE1C62A22E07300A4B0C9 /* ListView.swift */ = {isa = PBXFileReference; lastKnownFileType = sourcecode.swift; path = ListView.swift; sourceTree = "<group>"; };
		D06BE1C82A22E60D00A4B0C9 /* ListRowView.swift */ = {isa = PBXFileReference; lastKnownFileType = sourcecode.swift; path = ListRowView.swift; sourceTree = "<group>"; };
		D06BE1CB2A22E6D100A4B0C9 /* ItemModel.swift */ = {isa = PBXFileReference; lastKnownFileType = sourcecode.swift; path = ItemModel.swift; sourceTree = "<group>"; };
		D06BE1CD2A22E76000A4B0C9 /* SheetView.swift */ = {isa = PBXFileReference; lastKnownFileType = sourcecode.swift; path = SheetView.swift; sourceTree = "<group>"; };
		D06BE1D12A22E96800A4B0C9 /* ListViewModel.swift */ = {isa = PBXFileReference; lastKnownFileType = sourcecode.swift; path = ListViewModel.swift; sourceTree = "<group>"; };
		D06BE1D32A23461200A4B0C9 /* NoItemsView.swift */ = {isa = PBXFileReference; lastKnownFileType = sourcecode.swift; path = NoItemsView.swift; sourceTree = "<group>"; };
		D06BE1D52A23F7E700A4B0C9 /* SettingsView.swift */ = {isa = PBXFileReference; lastKnownFileType = sourcecode.swift; path = SettingsView.swift; sourceTree = "<group>"; };
		D06BE1D92A23F90000A4B0C9 /* FullView.swift */ = {isa = PBXFileReference; lastKnownFileType = sourcecode.swift; path = FullView.swift; sourceTree = "<group>"; };
/* End PBXFileReference section */

/* Begin PBXFrameworksBuildPhase section */
		D06BE1AF2A22DF2E00A4B0C9 /* Frameworks */ = {
			isa = PBXFrameworksBuildPhase;
			buildActionMask = 2147483647;
			files = (
			);
			runOnlyForDeploymentPostprocessing = 0;
		};
/* End PBXFrameworksBuildPhase section */

/* Begin PBXGroup section */
		D06BE1A92A22DF2E00A4B0C9 = {
			isa = PBXGroup;
			children = (
				D06BE1B42A22DF2E00A4B0C9 /* Habits V2 */,
				D06BE1B32A22DF2E00A4B0C9 /* Products */,
			);
			sourceTree = "<group>";
		};
		D06BE1B32A22DF2E00A4B0C9 /* Products */ = {
			isa = PBXGroup;
			children = (
				D06BE1B22A22DF2E00A4B0C9 /* Habits V2.app */,
			);
			name = Products;
			sourceTree = "<group>";
		};
		D06BE1B42A22DF2E00A4B0C9 /* Habits V2 */ = {
			isa = PBXGroup;
			children = (
				D06BE1B52A22DF2E00A4B0C9 /* Habits_V2App.swift */,
				D06BE1CA2A22E68200A4B0C9 /* Models */,
				D06BE1D02A22E92600A4B0C9 /* ViewModels */,
				D06BE1C52A22E05300A4B0C9 /* Views */,
				D06BE1B92A22DF3000A4B0C9 /* Assets.xcassets */,
				D06BE1BB2A22DF3000A4B0C9 /* Habits_V2.entitlements */,
				D06BE1BC2A22DF3000A4B0C9 /* Preview Content */,
			);
			path = "Habits V2";
			sourceTree = "<group>";
		};
		D06BE1BC2A22DF3000A4B0C9 /* Preview Content */ = {
			isa = PBXGroup;
			children = (
				D06BE1BD2A22DF3000A4B0C9 /* Preview Assets.xcassets */,
			);
			path = "Preview Content";
			sourceTree = "<group>";
		};
		D06BE1C52A22E05300A4B0C9 /* Views */ = {
			isa = PBXGroup;
			children = (
				D06BE1C62A22E07300A4B0C9 /* ListView.swift */,
				D06BE1C82A22E60D00A4B0C9 /* ListRowView.swift */,
				D06BE1CD2A22E76000A4B0C9 /* SheetView.swift */,
				D06BE1D32A23461200A4B0C9 /* NoItemsView.swift */,
				D06BE1D52A23F7E700A4B0C9 /* SettingsView.swift */,
				D01927492A26E74B00A302E3 /* ValidStreakView.swift */,
				D019274B2A26E75800A302E3 /* BrokenStreakView.swift */,
				D06BE1D92A23F90000A4B0C9 /* FullView.swift */,
			);
			path = Views;
			sourceTree = "<group>";
		};
		D06BE1CA2A22E68200A4B0C9 /* Models */ = {
			isa = PBXGroup;
			children = (
				D06BE1CB2A22E6D100A4B0C9 /* ItemModel.swift */,
			);
			path = Models;
			sourceTree = "<group>";
		};
		D06BE1D02A22E92600A4B0C9 /* ViewModels */ = {
			isa = PBXGroup;
			children = (
				D06BE1D12A22E96800A4B0C9 /* ListViewModel.swift */,
			);
			path = ViewModels;
			sourceTree = "<group>";
		};
/* End PBXGroup section */

/* Begin PBXNativeTarget section */
		D06BE1B12A22DF2E00A4B0C9 /* Habits V2 */ = {
			isa = PBXNativeTarget;
			buildConfigurationList = D06BE1C12A22DF3000A4B0C9 /* Build configuration list for PBXNativeTarget "Habits V2" */;
			buildPhases = (
				D06BE1AE2A22DF2E00A4B0C9 /* Sources */,
				D06BE1AF2A22DF2E00A4B0C9 /* Frameworks */,
				D06BE1B02A22DF2E00A4B0C9 /* Resources */,
			);
			buildRules = (
			);
			dependencies = (
			);
			name = "Habits V2";
			productName = "Habits V2";
			productReference = D06BE1B22A22DF2E00A4B0C9 /* Habits V2.app */;
			productType = "com.apple.product-type.application";
		};
/* End PBXNativeTarget section */

/* Begin PBXProject section */
		D06BE1AA2A22DF2E00A4B0C9 /* Project object */ = {
			isa = PBXProject;
			attributes = {
				BuildIndependentTargetsInParallel = 1;
				LastSwiftUpdateCheck = 1430;
				LastUpgradeCheck = 1430;
				TargetAttributes = {
					D06BE1B12A22DF2E00A4B0C9 = {
						CreatedOnToolsVersion = 14.3;
					};
				};
			};
			buildConfigurationList = D06BE1AD2A22DF2E00A4B0C9 /* Build configuration list for PBXProject "Habits V2" */;
			compatibilityVersion = "Xcode 14.0";
			developmentRegion = en;
			hasScannedForEncodings = 0;
			knownRegions = (
				en,
				Base,
			);
			mainGroup = D06BE1A92A22DF2E00A4B0C9;
			productRefGroup = D06BE1B32A22DF2E00A4B0C9 /* Products */;
			projectDirPath = "";
			projectRoot = "";
			targets = (
				D06BE1B12A22DF2E00A4B0C9 /* Habits V2 */,
			);
		};
/* End PBXProject section */

/* Begin PBXResourcesBuildPhase section */
		D06BE1B02A22DF2E00A4B0C9 /* Resources */ = {
			isa = PBXResourcesBuildPhase;
			buildActionMask = 2147483647;
			files = (
				D06BE1BE2A22DF3000A4B0C9 /* Preview Assets.xcassets in Resources */,
				D06BE1BA2A22DF3000A4B0C9 /* Assets.xcassets in Resources */,
			);
			runOnlyForDeploymentPostprocessing = 0;
		};
/* End PBXResourcesBuildPhase section */

/* Begin PBXSourcesBuildPhase section */
		D06BE1AE2A22DF2E00A4B0C9 /* Sources */ = {
			isa = PBXSourcesBuildPhase;
			buildActionMask = 2147483647;
			files = (
				D019274C2A26E75800A302E3 /* BrokenStreakView.swift in Sources */,
				D06BE1B62A22DF2E00A4B0C9 /* Habits_V2App.swift in Sources */,
				D019274A2A26E74B00A302E3 /* ValidStreakView.swift in Sources */,
				D06BE1D62A23F7E700A4B0C9 /* SettingsView.swift in Sources */,
				D06BE1C72A22E07300A4B0C9 /* ListView.swift in Sources */,
				D06BE1D22A22E96800A4B0C9 /* ListViewModel.swift in Sources */,
				D06BE1CE2A22E76000A4B0C9 /* SheetView.swift in Sources */,
				D06BE1CC2A22E6D100A4B0C9 /* ItemModel.swift in Sources */,
				D06BE1D42A23461200A4B0C9 /* NoItemsView.swift in Sources */,
				D06BE1C92A22E60D00A4B0C9 /* ListRowView.swift in Sources */,
				D06BE1DA2A23F90000A4B0C9 /* FullView.swift in Sources */,
			);
			runOnlyForDeploymentPostprocessing = 0;
		};
/* End PBXSourcesBuildPhase section */

/* Begin XCBuildConfiguration section */
		D06BE1BF2A22DF3000A4B0C9 /* Debug */ = {
			isa = XCBuildConfiguration;
			buildSettings = {
				ALWAYS_SEARCH_USER_PATHS = NO;
				CLANG_ANALYZER_NONNULL = YES;
				CLANG_ANALYZER_NUMBER_OBJECT_CONVERSION = YES_AGGRESSIVE;
				CLANG_CXX_LANGUAGE_STANDARD = "gnu++20";
				CLANG_ENABLE_MODULES = YES;
				CLANG_ENABLE_OBJC_ARC = YES;
				CLANG_ENABLE_OBJC_WEAK = YES;
				CLANG_WARN_BLOCK_CAPTURE_AUTORELEASING = YES;
				CLANG_WARN_BOOL_CONVERSION = YES;
				CLANG_WARN_COMMA = YES;
				CLANG_WARN_CONSTANT_CONVERSION = YES;
				CLANG_WARN_DEPRECATED_OBJC_IMPLEMENTATIONS = YES;
				CLANG_WARN_DIRECT_OBJC_ISA_USAGE = YES_ERROR;
				CLANG_WARN_DOCUMENTATION_COMMENTS = YES;
				CLANG_WARN_EMPTY_BODY = YES;
				CLANG_WARN_ENUM_CONVERSION = YES;
				CLANG_WARN_INFINITE_RECURSION = YES;
				CLANG_WARN_INT_CONVERSION = YES;
				CLANG_WARN_NON_LITERAL_NULL_CONVERSION = YES;
				CLANG_WARN_OBJC_IMPLICIT_RETAIN_SELF = YES;
				CLANG_WARN_OBJC_LITERAL_CONVERSION = YES;
				CLANG_WARN_OBJC_ROOT_CLASS = YES_ERROR;
				CLANG_WARN_QUOTED_INCLUDE_IN_FRAMEWORK_HEADER = YES;
				CLANG_WARN_RANGE_LOOP_ANALYSIS = YES;
				CLANG_WARN_STRICT_PROTOTYPES = YES;
				CLANG_WARN_SUSPICIOUS_MOVE = YES;
				CLANG_WARN_UNGUARDED_AVAILABILITY = YES_AGGRESSIVE;
				CLANG_WARN_UNREACHABLE_CODE = YES;
				CLANG_WARN__DUPLICATE_METHOD_MATCH = YES;
				COPY_PHASE_STRIP = NO;
				DEBUG_INFORMATION_FORMAT = dwarf;
				ENABLE_STRICT_OBJC_MSGSEND = YES;
				ENABLE_TESTABILITY = YES;
				GCC_C_LANGUAGE_STANDARD = gnu11;
				GCC_DYNAMIC_NO_PIC = NO;
				GCC_NO_COMMON_BLOCKS = YES;
				GCC_OPTIMIZATION_LEVEL = 0;
				GCC_PREPROCESSOR_DEFINITIONS = (
					"DEBUG=1",
					"$(inherited)",
				);
				GCC_WARN_64_TO_32_BIT_CONVERSION = YES;
				GCC_WARN_ABOUT_RETURN_TYPE = YES_ERROR;
				GCC_WARN_UNDECLARED_SELECTOR = YES;
				GCC_WARN_UNINITIALIZED_AUTOS = YES_AGGRESSIVE;
				GCC_WARN_UNUSED_FUNCTION = YES;
				GCC_WARN_UNUSED_VARIABLE = YES;
				MTL_ENABLE_DEBUG_INFO = INCLUDE_SOURCE;
				MTL_FAST_MATH = YES;
				ONLY_ACTIVE_ARCH = YES;
				SWIFT_ACTIVE_COMPILATION_CONDITIONS = DEBUG;
				SWIFT_OPTIMIZATION_LEVEL = "-Onone";
			};
			name = Debug;
		};
		D06BE1C02A22DF3000A4B0C9 /* Release */ = {
			isa = XCBuildConfiguration;
			buildSettings = {
				ALWAYS_SEARCH_USER_PATHS = NO;
				CLANG_ANALYZER_NONNULL = YES;
				CLANG_ANALYZER_NUMBER_OBJECT_CONVERSION = YES_AGGRESSIVE;
				CLANG_CXX_LANGUAGE_STANDARD = "gnu++20";
				CLANG_ENABLE_MODULES = YES;
				CLANG_ENABLE_OBJC_ARC = YES;
				CLANG_ENABLE_OBJC_WEAK = YES;
				CLANG_WARN_BLOCK_CAPTURE_AUTORELEASING = YES;
				CLANG_WARN_BOOL_CONVERSION = YES;
				CLANG_WARN_COMMA = YES;
				CLANG_WARN_CONSTANT_CONVERSION = YES;
				CLANG_WARN_DEPRECATED_OBJC_IMPLEMENTATIONS = YES;
				CLANG_WARN_DIRECT_OBJC_ISA_USAGE = YES_ERROR;
				CLANG_WARN_DOCUMENTATION_COMMENTS = YES;
				CLANG_WARN_EMPTY_BODY = YES;
				CLANG_WARN_ENUM_CONVERSION = YES;
				CLANG_WARN_INFINITE_RECURSION = YES;
				CLANG_WARN_INT_CONVERSION = YES;
				CLANG_WARN_NON_LITERAL_NULL_CONVERSION = YES;
				CLANG_WARN_OBJC_IMPLICIT_RETAIN_SELF = YES;
				CLANG_WARN_OBJC_LITERAL_CONVERSION = YES;
				CLANG_WARN_OBJC_ROOT_CLASS = YES_ERROR;
				CLANG_WARN_QUOTED_INCLUDE_IN_FRAMEWORK_HEADER = YES;
				CLANG_WARN_RANGE_LOOP_ANALYSIS = YES;
				CLANG_WARN_STRICT_PROTOTYPES = YES;
				CLANG_WARN_SUSPICIOUS_MOVE = YES;
				CLANG_WARN_UNGUARDED_AVAILABILITY = YES_AGGRESSIVE;
				CLANG_WARN_UNREACHABLE_CODE = YES;
				CLANG_WARN__DUPLICATE_METHOD_MATCH = YES;
				COPY_PHASE_STRIP = NO;
				DEBUG_INFORMATION_FORMAT = "dwarf-with-dsym";
				ENABLE_NS_ASSERTIONS = NO;
				ENABLE_STRICT_OBJC_MSGSEND = YES;
				GCC_C_LANGUAGE_STANDARD = gnu11;
				GCC_NO_COMMON_BLOCKS = YES;
				GCC_WARN_64_TO_32_BIT_CONVERSION = YES;
				GCC_WARN_ABOUT_RETURN_TYPE = YES_ERROR;
				GCC_WARN_UNDECLARED_SELECTOR = YES;
				GCC_WARN_UNINITIALIZED_AUTOS = YES_AGGRESSIVE;
				GCC_WARN_UNUSED_FUNCTION = YES;
				GCC_WARN_UNUSED_VARIABLE = YES;
				MTL_ENABLE_DEBUG_INFO = NO;
				MTL_FAST_MATH = YES;
				SWIFT_COMPILATION_MODE = wholemodule;
				SWIFT_OPTIMIZATION_LEVEL = "-O";
			};
			name = Release;
		};
		D06BE1C22A22DF3000A4B0C9 /* Debug */ = {
			isa = XCBuildConfiguration;
			buildSettings = {
				ASSETCATALOG_COMPILER_APPICON_NAME = AppIcon;
				ASSETCATALOG_COMPILER_GLOBAL_ACCENT_COLOR_NAME = AccentColor;
				CODE_SIGN_ENTITLEMENTS = "Habits V2/Habits_V2.entitlements";
				CODE_SIGN_STYLE = Automatic;
				CURRENT_PROJECT_VERSION = 1;
				DEVELOPMENT_ASSET_PATHS = "\"Habits V2/Preview Content\"";
				ENABLE_PREVIEWS = YES;
				GENERATE_INFOPLIST_FILE = YES;
				"INFOPLIST_KEY_UIApplicationSceneManifest_Generation[sdk=iphoneos*]" = YES;
				"INFOPLIST_KEY_UIApplicationSceneManifest_Generation[sdk=iphonesimulator*]" = YES;
				"INFOPLIST_KEY_UIApplicationSupportsIndirectInputEvents[sdk=iphoneos*]" = YES;
				"INFOPLIST_KEY_UIApplicationSupportsIndirectInputEvents[sdk=iphonesimulator*]" = YES;
				"INFOPLIST_KEY_UILaunchScreen_Generation[sdk=iphoneos*]" = YES;
				"INFOPLIST_KEY_UILaunchScreen_Generation[sdk=iphonesimulator*]" = YES;
				"INFOPLIST_KEY_UIStatusBarStyle[sdk=iphoneos*]" = UIStatusBarStyleDefault;
				"INFOPLIST_KEY_UIStatusBarStyle[sdk=iphonesimulator*]" = UIStatusBarStyleDefault;
				INFOPLIST_KEY_UISupportedInterfaceOrientations_iPad = "UIInterfaceOrientationPortrait UIInterfaceOrientationPortraitUpsideDown UIInterfaceOrientationLandscapeLeft UIInterfaceOrientationLandscapeRight";
				INFOPLIST_KEY_UISupportedInterfaceOrientations_iPhone = "UIInterfaceOrientationPortrait UIInterfaceOrientationLandscapeLeft UIInterfaceOrientationLandscapeRight";
				IPHONEOS_DEPLOYMENT_TARGET = 16.4;
				LD_RUNPATH_SEARCH_PATHS = "@executable_path/Frameworks";
				"LD_RUNPATH_SEARCH_PATHS[sdk=macosx*]" = "@executable_path/../Frameworks";
				MACOSX_DEPLOYMENT_TARGET = 13.3;
				MARKETING_VERSION = 1.0;
				PRODUCT_BUNDLE_IDENTIFIER = "com.Fustin.Habits-V2";
				PRODUCT_NAME = "$(TARGET_NAME)";
				SDKROOT = auto;
				SUPPORTED_PLATFORMS = "iphoneos iphonesimulator macosx";
				SWIFT_EMIT_LOC_STRINGS = YES;
				SWIFT_VERSION = 5.0;
				TARGETED_DEVICE_FAMILY = "1,2";
			};
			name = Debug;
		};
		D06BE1C32A22DF3000A4B0C9 /* Release */ = {
			isa = XCBuildConfiguration;
			buildSettings = {
				ASSETCATALOG_COMPILER_APPICON_NAME = AppIcon;
				ASSETCATALOG_COMPILER_GLOBAL_ACCENT_COLOR_NAME = AccentColor;
				CODE_SIGN_ENTITLEMENTS = "Habits V2/Habits_V2.entitlements";
				CODE_SIGN_STYLE = Automatic;
				CURRENT_PROJECT_VERSION = 1;
				DEVELOPMENT_ASSET_PATHS = "\"Habits V2/Preview Content\"";
				ENABLE_PREVIEWS = YES;
				GENERATE_INFOPLIST_FILE = YES;
				"INFOPLIST_KEY_UIApplicationSceneManifest_Generation[sdk=iphoneos*]" = YES;
				"INFOPLIST_KEY_UIApplicationSceneManifest_Generation[sdk=iphonesimulator*]" = YES;
				"INFOPLIST_KEY_UIApplicationSupportsIndirectInputEvents[sdk=iphoneos*]" = YES;
				"INFOPLIST_KEY_UIApplicationSupportsIndirectInputEvents[sdk=iphonesimulator*]" = YES;
				"INFOPLIST_KEY_UILaunchScreen_Generation[sdk=iphoneos*]" = YES;
				"INFOPLIST_KEY_UILaunchScreen_Generation[sdk=iphonesimulator*]" = YES;
				"INFOPLIST_KEY_UIStatusBarStyle[sdk=iphoneos*]" = UIStatusBarStyleDefault;
				"INFOPLIST_KEY_UIStatusBarStyle[sdk=iphonesimulator*]" = UIStatusBarStyleDefault;
				INFOPLIST_KEY_UISupportedInterfaceOrientations_iPad = "UIInterfaceOrientationPortrait UIInterfaceOrientationPortraitUpsideDown UIInterfaceOrientationLandscapeLeft UIInterfaceOrientationLandscapeRight";
				INFOPLIST_KEY_UISupportedInterfaceOrientations_iPhone = "UIInterfaceOrientationPortrait UIInterfaceOrientationLandscapeLeft UIInterfaceOrientationLandscapeRight";
				IPHONEOS_DEPLOYMENT_TARGET = 16.4;
				LD_RUNPATH_SEARCH_PATHS = "@executable_path/Frameworks";
				"LD_RUNPATH_SEARCH_PATHS[sdk=macosx*]" = "@executable_path/../Frameworks";
				MACOSX_DEPLOYMENT_TARGET = 13.3;
				MARKETING_VERSION = 1.0;
				PRODUCT_BUNDLE_IDENTIFIER = "com.Fustin.Habits-V2";
				PRODUCT_NAME = "$(TARGET_NAME)";
				SDKROOT = auto;
				SUPPORTED_PLATFORMS = "iphoneos iphonesimulator macosx";
				SWIFT_EMIT_LOC_STRINGS = YES;
				SWIFT_VERSION = 5.0;
				TARGETED_DEVICE_FAMILY = "1,2";
			};
			name = Release;
		};
/* End XCBuildConfiguration section */

/* Begin XCConfigurationList section */
		D06BE1AD2A22DF2E00A4B0C9 /* Build configuration list for PBXProject "Habits V2" */ = {
			isa = XCConfigurationList;
			buildConfigurations = (
				D06BE1BF2A22DF3000A4B0C9 /* Debug */,
				D06BE1C02A22DF3000A4B0C9 /* Release */,
			);
			defaultConfigurationIsVisible = 0;
			defaultConfigurationName = Release;
		};
		D06BE1C12A22DF3000A4B0C9 /* Build configuration list for PBXNativeTarget "Habits V2" */ = {
			isa = XCConfigurationList;
			buildConfigurations = (
				D06BE1C22A22DF3000A4B0C9 /* Debug */,
				D06BE1C32A22DF3000A4B0C9 /* Release */,
			);
			defaultConfigurationIsVisible = 0;
			defaultConfigurationName = Release;
		};
/* End XCConfigurationList section */
	};
	rootObject = D06BE1AA2A22DF2E00A4B0C9 /* Project object */;
}
